
Microsoft Visual Studio Solution File, Format Version 12.00
# Visual Studio Version 16
VisualStudioVersion = 16.0.31005.135
MinimumVisualStudioVersion = 10.0.40219.1
Project("{9A19103F-16F7-4668-BE54-9A1E7A4F7556}") = "AzureEventGridPublisher.Service", "AzureEventGridPublisher.Service\AzureEventGridPublisher.Service.csproj", "{7B4EA377-E6FE-40CC-B4EC-B02D86486B26}"
EndProject
Project("{9A19103F-16F7-4668-BE54-9A1E7A4F7556}") = "AzureEventGridPublisher.UnitTest", "AzureEventGridPublisher.UnitTest\AzureEventGridPublisher.UnitTest.csproj", "{C593024E-9BD4-4949-B3F1-60496AF55DB1}"
EndProject
Global
	GlobalSection(SolutionConfigurationPlatforms) = preSolution
		Debug|Any CPU = Debug|Any CPU
		Release|Any CPU = Release|Any CPU
	EndGlobalSection
	GlobalSection(ProjectConfigurationPlatforms) = postSolution
		{7B4EA377-E6FE-40CC-B4EC-B02D86486B26}.Debug|Any CPU.ActiveCfg = Debug|Any CPU
		{7B4EA377-E6FE-40CC-B4EC-B02D86486B26}.Debug|Any CPU.Build.0 = Debug|Any CPU
		{7B4EA377-E6FE-40CC-B4EC-B02D86486B26}.Release|Any CPU.ActiveCfg = Release|Any CPU
		{7B4EA377-E6FE-40CC-B4EC-B02D86486B26}.Release|Any CPU.Build.0 = Release|Any CPU
		{C593024E-9BD4-4949-B3F1-60496AF55DB1}.Debug|Any CPU.ActiveCfg = Debug|Any CPU
		{C593024E-9BD4-4949-B3F1-60496AF55DB1}.Debug|Any CPU.Build.0 = Debug|Any CPU
		{C593024E-9BD4-4949-B3F1-60496AF55DB1}.Release|Any CPU.ActiveCfg = Release|Any CPU
		{C593024E-9BD4-4949-B3F1-60496AF55DB1}.Release|Any CPU.Build.0 = Release|Any CPU
	EndGlobalSection
	GlobalSection(SolutionProperties) = preSolution
		HideSolutionNode = FALSE
	EndGlobalSection
	GlobalSection(ExtensibilityGlobals) = postSolution
		SolutionGuid = {8D00EB9E-AC1F-446A-A4AF-433FAD0B3172}
	EndGlobalSection
EndGlobal
